
Microsoft Visual Studio Solution File, Format Version 10.00
# Visual C++ Express 2008
Project("{8BC9CEB8-8B4A-11D0-8D11-00A0C91BC942}") = "cthreads_test_condition", "cthreads_test_condition\cthreads_test_condition.vcproj", "{F65656A3-27DE-4363-AF13-F9457E1B8CDC}"
	ProjectSection(ProjectDependencies) = postProject
		{C3FA5968-220C-4D30-B2EF-4BFE6D5D8536} = {C3FA5968-220C-4D30-B2EF-4BFE6D5D8536}
		{BD3A95FA-A3DE-4B79-A889-A7E5ECA4B69C} = {BD3A95FA-A3DE-4B79-A889-A7E5ECA4B69C}
	EndProjectSection
EndProject
Project("{8BC9CEB8-8B4A-11D0-8D11-00A0C91BC942}") = "cthreads_test_error", "cthreads_test_error\cthreads_test_error.vcproj", "{F4610203-6AAA-41F8-AC59-EF1D0B8792A6}"
	ProjectSection(ProjectDependencies) = postProject
		{C3FA5968-220C-4D30-B2EF-4BFE6D5D8536} = {C3FA5968-220C-4D30-B2EF-4BFE6D5D8536}
	EndProjectSection
EndProject
Project("{8BC9CEB8-8B4A-11D0-8D11-00A0C91BC942}") = "cthreads_test_lock", "cthreads_test_lock\cthreads_test_lock.vcproj", "{F7A2D803-FC42-4C42-B1E6-E794F94228BF}"
	ProjectSection(ProjectDependencies) = postProject
		{C3FA5968-220C-4D30-B2EF-4BFE6D5D8536} = {C3FA5968-220C-4D30-B2EF-4BFE6D5D8536}
		{BD3A95FA-A3DE-4B79-A889-A7E5ECA4B69C} = {BD3A95FA-A3DE-4B79-A889-A7E5ECA4B69C}
	EndProjectSection
EndProject
Project("{8BC9CEB8-8B4A-11D0-8D11-00A0C91BC942}") = "cthreads_test_mutex", "cthreads_test_mutex\cthreads_test_mutex.vcproj", "{5BFA25FF-8041-4B99-BC72-755E5ED10D3C}"
	ProjectSection(ProjectDependencies) = postProject
		{C3FA5968-220C-4D30-B2EF-4BFE6D5D8536} = {C3FA5968-220C-4D30-B2EF-4BFE6D5D8536}
		{BD3A95FA-A3DE-4B79-A889-A7E5ECA4B69C} = {BD3A95FA-A3DE-4B79-A889-A7E5ECA4B69C}
	EndProjectSection
EndProject
Project("{8BC9CEB8-8B4A-11D0-8D11-00A0C91BC942}") = "cthreads_test_queue", "cthreads_test_queue\cthreads_test_queue.vcproj", "{540F4174-9471-4D3B-B2DF-B622F6A5EA5F}"
	ProjectSection(ProjectDependencies) = postProject
		{C3FA5968-220C-4D30-B2EF-4BFE6D5D8536} = {C3FA5968-220C-4D30-B2EF-4BFE6D5D8536}
		{BD3A95FA-A3DE-4B79-A889-A7E5ECA4B69C} = {BD3A95FA-A3DE-4B79-A889-A7E5ECA4B69C}
	EndProjectSection
EndProject
Project("{8BC9CEB8-8B4A-11D0-8D11-00A0C91BC942}") = "cthreads_test_read_write_lock", "cthreads_test_read_write_lock\cthreads_test_read_write_lock.vcproj", "{FCF4C8D7-D26C-48D9-9BCD-01E9A6E8E3C2}"
	ProjectSection(ProjectDependencies) = postProject
		{C3FA5968-220C-4D30-B2EF-4BFE6D5D8536} = {C3FA5968-220C-4D30-B2EF-4BFE6D5D8536}
		{BD3A95FA-A3DE-4B79-A889-A7E5ECA4B69C} = {BD3A95FA-A3DE-4B79-A889-A7E5ECA4B69C}
	EndProjectSection
EndProject
Project("{8BC9CEB8-8B4A-11D0-8D11-00A0C91BC942}") = "cthreads_test_repeating_thread", "cthreads_test_repeating_thread\cthreads_test_repeating_thread.vcproj", "{63C2753E-A4D3-4B1F-A818-D7DB2D4904FB}"
	ProjectSection(ProjectDependencies) = postProject
		{C3FA5968-220C-4D30-B2EF-4BFE6D5D8536} = {C3FA5968-220C-4D30-B2EF-4BFE6D5D8536}
		{BD3A95FA-A3DE-4B79-A889-A7E5ECA4B69C} = {BD3A95FA-A3DE-4B79-A889-A7E5ECA4B69C}
	EndProjectSection
EndProject
Project("{8BC9CEB8-8B4A-11D0-8D11-00A0C91BC942}") = "cthreads_test_support", "cthreads_test_support\cthreads_test_support.vcproj", "{80D9580E-946B-43F5-8CF4-CEB04BADBBE6}"
	ProjectSection(ProjectDependencies) = postProject
		{C3FA5968-220C-4D30-B2EF-4BFE6D5D8536} = {C3FA5968-220C-4D30-B2EF-4BFE6D5D8536}
	EndProjectSection
EndProject
Project("{8BC9CEB8-8B4A-11D0-8D11-00A0C91BC942}") = "cthreads_test_thread", "cthreads_test_thread\cthreads_test_thread.vcproj", "{C9ADE93B-50A0-4A9E-9985-8DA694B03F4B}"
	ProjectSection(ProjectDependencies) = postProject
		{C3FA5968-220C-4D30-B2EF-4BFE6D5D8536} = {C3FA5968-220C-4D30-B2EF-4BFE6D5D8536}
		{BD3A95FA-A3DE-4B79-A889-A7E5ECA4B69C} = {BD3A95FA-A3DE-4B79-A889-A7E5ECA4B69C}
	EndProjectSection
EndProject
Project("{8BC9CEB8-8B4A-11D0-8D11-00A0C91BC942}") = "cthreads_test_thread_attributes", "cthreads_test_thread_attributes\cthreads_test_thread_attributes.vcproj", "{07A5AECA-44D2-482E-8084-82859A2DB2AC}"
	ProjectSection(ProjectDependencies) = postProject
		{C3FA5968-220C-4D30-B2EF-4BFE6D5D8536} = {C3FA5968-220C-4D30-B2EF-4BFE6D5D8536}
		{BD3A95FA-A3DE-4B79-A889-A7E5ECA4B69C} = {BD3A95FA-A3DE-4B79-A889-A7E5ECA4B69C}
	EndProjectSection
EndProject
Project("{8BC9CEB8-8B4A-11D0-8D11-00A0C91BC942}") = "cthreads_test_thread_pool", "cthreads_test_thread_pool\cthreads_test_thread_pool.vcproj", "{DAFA82CC-4B04-4AF2-9338-6B55C3141DC6}"
	ProjectSection(ProjectDependencies) = postProject
		{C3FA5968-220C-4D30-B2EF-4BFE6D5D8536} = {C3FA5968-220C-4D30-B2EF-4BFE6D5D8536}
		{BD3A95FA-A3DE-4B79-A889-A7E5ECA4B69C} = {BD3A95FA-A3DE-4B79-A889-A7E5ECA4B69C}
	EndProjectSection
EndProject
Project("{8BC9CEB8-8B4A-11D0-8D11-00A0C91BC942}") = "libcthreads", "libcthreads\libcthreads.vcproj", "{C3FA5968-220C-4D30-B2EF-4BFE6D5D8536}"
	ProjectSection(ProjectDependencies) = postProject
		{BD3A95FA-A3DE-4B79-A889-A7E5ECA4B69C} = {BD3A95FA-A3DE-4B79-A889-A7E5ECA4B69C}
	EndProjectSection
EndProject
Project("{8BC9CEB8-8B4A-11D0-8D11-00A0C91BC942}") = "libcerror", "libcerror\libcerror.vcproj", "{BD3A95FA-A3DE-4B79-A889-A7E5ECA4B69C}"
EndProject
Global
	GlobalSection(SolutionConfigurationPlatforms) = preSolution
		Release|Win32 = Release|Win32
		VSDebug|Win32 = VSDebug|Win32
	EndGlobalSection
	GlobalSection(ProjectConfigurationPlatforms) = postSolution
		{F65656A3-27DE-4363-AF13-F9457E1B8CDC}.Release|Win32.ActiveCfg = Release|Win32
		{F65656A3-27DE-4363-AF13-F9457E1B8CDC}.Release|Win32.Build.0 = Release|Win32
		{F65656A3-27DE-4363-AF13-F9457E1B8CDC}.VSDebug|Win32.ActiveCfg = VSDebug|Win32
		{F65656A3-27DE-4363-AF13-F9457E1B8CDC}.VSDebug|Win32.Build.0 = VSDebug|Win32
		{F4610203-6AAA-41F8-AC59-EF1D0B8792A6}.Release|Win32.ActiveCfg = Release|Win32
		{F4610203-6AAA-41F8-AC59-EF1D0B8792A6}.Release|Win32.Build.0 = Release|Win32
		{F4610203-6AAA-41F8-AC59-EF1D0B8792A6}.VSDebug|Win32.ActiveCfg = VSDebug|Win32
		{F4610203-6AAA-41F8-AC59-EF1D0B8792A6}.VSDebug|Win32.Build.0 = VSDebug|Win32
		{F7A2D803-FC42-4C42-B1E6-E794F94228BF}.Release|Win32.ActiveCfg = Release|Win32
		{F7A2D803-FC42-4C42-B1E6-E794F94228BF}.Release|Win32.Build.0 = Release|Win32
		{F7A2D803-FC42-4C42-B1E6-E794F94228BF}.VSDebug|Win32.ActiveCfg = VSDebug|Win32
		{F7A2D803-FC42-4C42-B1E6-E794F94228BF}.VSDebug|Win32.Build.0 = VSDebug|Win32
		{5BFA25FF-8041-4B99-BC72-755E5ED10D3C}.Release|Win32.ActiveCfg = Release|Win32
		{5BFA25FF-8041-4B99-BC72-755E5ED10D3C}.Release|Win32.Build.0 = Release|Win32
		{5BFA25FF-8041-4B99-BC72-755E5ED10D3C}.VSDebug|Win32.ActiveCfg = VSDebug|Win32
		{5BFA25FF-8041-4B99-BC72-755E5ED10D3C}.VSDebug|Win32.Build.0 = VSDebug|Win32
		{540F4174-9471-4D3B-B2DF-B622F6A5EA5F}.Release|Win32.ActiveCfg = Release|Win32
		{540F4174-9471-4D3B-B2DF-B622F6A5EA5F}.Release|Win32.Build.0 = Release|Win32
		{540F4174-9471-4D3B-B2DF-B622F6A5EA5F}.VSDebug|Win32.ActiveCfg = VSDebug|Win32
		{540F4174-9471-4D3B-B2DF-B622F6A5EA5F}.VSDebug|Win32.Build.0 = VSDebug|Win32
		{FCF4C8D7-D26C-48D9-9BCD-01E9A6E8E3C2}.Release|Win32.ActiveCfg = Release|Win32
		{FCF4C8D7-D26C-48D9-9BCD-01E9A6E8E3C2}.Release|Win32.Build.0 = Release|Win32
		{FCF4C8D7-D26C-48D9-9BCD-01E9A6E8E3C2}.VSDebug|Win32.ActiveCfg = VSDebug|Win32
		{FCF4C8D7-D26C-48D9-9BCD-01E9A6E8E3C2}.VSDebug|Win32.Build.0 = VSDebug|Win32
		{63C2753E-A4D3-4B1F-A818-D7DB2D4904FB}.Release|Win32.ActiveCfg = Release|Win32
		{63C2753E-A4D3-4B1F-A818-D7DB2D4904FB}.Release|Win32.Build.0 = Release|Win32
		{63C2753E-A4D3-4B1F-A818-D7DB2D4904FB}.VSDebug|Win32.ActiveCfg = VSDebug|Win32
		{63C2753E-A4D3-4B1F-A818-D7DB2D4904FB}.VSDebug|Win32.Build.0 = VSDebug|Win32
		{80D9580E-946B-43F5-8CF4-CEB04BADBBE6}.Release|Win32.ActiveCfg = Release|Win32
		{80D9580E-946B-43F5-8CF4-CEB04BADBBE6}.Release|Win32.Build.0 = Release|Win32
		{80D9580E-946B-43F5-8CF4-CEB04BADBBE6}.VSDebug|Win32.ActiveCfg = VSDebug|Win32
		{80D9580E-946B-43F5-8CF4-CEB04BADBBE6}.VSDebug|Win32.Build.0 = VSDebug|Win32
		{C9ADE93B-50A0-4A9E-9985-8DA694B03F4B}.Release|Win32.ActiveCfg = Release|Win32
		{C9ADE93B-50A0-4A9E-9985-8DA694B03F4B}.Release|Win32.Build.0 = Release|Win32
		{C9ADE93B-50A0-4A9E-9985-8DA694B03F4B}.VSDebug|Win32.ActiveCfg = VSDebug|Win32
		{C9ADE93B-50A0-4A9E-9985-8DA694B03F4B}.VSDebug|Win32.Build.0 = VSDebug|Win32
		{07A5AECA-44D2-482E-8084-82859A2DB2AC}.Release|Win32.ActiveCfg = Release|Win32
		{07A5AECA-44D2-482E-8084-82859A2DB2AC}.Release|Win32.Build.0 = Release|Win32
		{07A5AECA-44D2-482E-8084-82859A2DB2AC}.VSDebug|Win32.ActiveCfg = VSDebug|Win32
		{07A5AECA-44D2-482E-8084-82859A2DB2AC}.VSDebug|Win32.Build.0 = VSDebug|Win32
		{DAFA82CC-4B04-4AF2-9338-6B55C3141DC6}.Release|Win32.ActiveCfg = Release|Win32
		{DAFA82CC-4B04-4AF2-9338-6B55C3141DC6}.Release|Win32.Build.0 = Release|Win32
		{DAFA82CC-4B04-4AF2-9338-6B55C3141DC6}.VSDebug|Win32.ActiveCfg = VSDebug|Win32
		{DAFA82CC-4B04-4AF2-9338-6B55C3141DC6}.VSDebug|Win32.Build.0 = VSDebug|Win32
		{C3FA5968-220C-4D30-B2EF-4BFE6D5D8536}.Release|Win32.ActiveCfg = Release|Win32
		{C3FA5968-220C-4D30-B2EF-4BFE6D5D8536}.Release|Win32.Build.0 = Release|Win32
		{C3FA5968-220C-4D30-B2EF-4BFE6D5D8536}.VSDebug|Win32.ActiveCfg = VSDebug|Win32
		{C3FA5968-220C-4D30-B2EF-4BFE6D5D8536}.VSDebug|Win32.Build.0 = VSDebug|Win32
		{BD3A95FA-A3DE-4B79-A889-A7E5ECA4B69C}.Release|Win32.ActiveCfg = Release|Win32
		{BD3A95FA-A3DE-4B79-A889-A7E5ECA4B69C}.Release|Win32.Build.0 = Release|Win32
		{BD3A95FA-A3DE-4B79-A889-A7E5ECA4B69C}.VSDebug|Win32.ActiveCfg = VSDebug|Win32
		{BD3A95FA-A3DE-4B79-A889-A7E5ECA4B69C}.VSDebug|Win32.Build.0 = VSDebug|Win32
	EndGlobalSection
	GlobalSection(SolutionProperties) = preSolution
		HideSolutionNode = FALSE
	EndGlobalSection
EndGlobal
